# THIS IS AN AUTOGENERATED FILE. DO NOT EDIT THIS FILE DIRECTLY.
# yarn lockfile v1


angular-route@^1.8.2:
  version "1.8.2"
  resolved "https://registry.yarnpkg.com/angular-route/-/angular-route-1.8.2.tgz#d482bf05a8c9e448300acd8f9989c635d31b5077"
  integrity sha512-49LJYxuaQ/ZDiu9dD2xo1LkazqObkGjw0a7dUF7UKCT8EELgBsMd6QrI6aEVGtI62ppkiFkxqmiV8fcwYdXpug==

angular@1.7.9:
  version "1.7.9"
  resolved "https://registry.yarnpkg.com/angular/-/angular-1.7.9.tgz#e52616e8701c17724c3c238cfe4f9446fd570bc4"
  integrity sha512-5se7ZpcOtu0MBFlzGv5dsM1quQDoDeUTwZrWjGtTNA7O88cD8TEk5IEKCTDa3uECV9XnvKREVUr7du1ACiWGFQ==

oclazyload@^1.1.0:
  version "1.1.0"
  resolved "https://registry.yarnpkg.com/oclazyload/-/oclazyload-1.1.0.tgz#a9807322f190820a81c022f2ef1701d036d83e87"
  integrity sha1-qYBzIvGQggqBwCLy7xcB0DbYPoc=
